{
  "lockfileVersion": 1,
  "configVersion": 1,
  "workspaces": {
    "": {
      "name": "scraper-service",
      "dependencies": {
        "google-trends-api": "^4.9.2",
      },
    },
  },
  "packages": {
    "google-trends-api": ["google-trends-api@4.9.2", "", {}, "sha512-gjVSHCM8B7LyAAUpXb4B0/TfnmpwQ2z1w/mQ2bL0AKpr2j3gLS1j2YOnifpfsGJRxAGXB/NoC+nGwC5qSnZIiA=="],
  }
}
